
Microsoft Visual Studio Solution File, Format Version 12.00
# Visual Studio 14
VisualStudioVersion = 14.0.25123.0
MinimumVisualStudioVersion = 10.0.40219.1
Project("{FAE04EC0-301F-11D3-BF4B-00C04F79EFBC}") = "PoeItemAnalyzer", "PoeItemAnalyzer\PoeItemAnalyzer.csproj", "{F5DB7968-4407-466B-AA44-83F86DB4B235}"
EndProject
Project("{FAE04EC0-301F-11D3-BF4B-00C04F79EFBC}") = "WpfClipboardMonitor", "WpfClipboardMonitor\WpfClipboardMonitor.csproj", "{9D38DFDC-9EA0-4F5D-8E7D-2E52C415A2DD}"
EndProject
Project("{FAE04EC0-301F-11D3-BF4B-00C04F79EFBC}") = "TestPanel", "TestPanel\TestPanel.csproj", "{5025805D-53E7-4D3B-86F7-78087F91F346}"
EndProject
Project("{FAE04EC0-301F-11D3-BF4B-00C04F79EFBC}") = "ItemModel", "ItemLibrary\ItemModel.csproj", "{686291ED-57A0-468E-8B07-95CC530331B8}"
EndProject
Project("{FAE04EC0-301F-11D3-BF4B-00C04F79EFBC}") = "ItemModelUnitTests", "ItemModelUnitTests\ItemModelUnitTests.csproj", "{CF85D327-9D5F-4198-BA2F-EEB6AC551F9F}"
EndProject
Global
	GlobalSection(SolutionConfigurationPlatforms) = preSolution
		Debug|Any CPU = Debug|Any CPU
		Release|Any CPU = Release|Any CPU
	EndGlobalSection
	GlobalSection(ProjectConfigurationPlatforms) = postSolution
		{F5DB7968-4407-466B-AA44-83F86DB4B235}.Debug|Any CPU.ActiveCfg = Debug|Any CPU
		{F5DB7968-4407-466B-AA44-83F86DB4B235}.Debug|Any CPU.Build.0 = Debug|Any CPU
		{F5DB7968-4407-466B-AA44-83F86DB4B235}.Release|Any CPU.ActiveCfg = Release|Any CPU
		{F5DB7968-4407-466B-AA44-83F86DB4B235}.Release|Any CPU.Build.0 = Release|Any CPU
		{9D38DFDC-9EA0-4F5D-8E7D-2E52C415A2DD}.Debug|Any CPU.ActiveCfg = Debug|Any CPU
		{9D38DFDC-9EA0-4F5D-8E7D-2E52C415A2DD}.Debug|Any CPU.Build.0 = Debug|Any CPU
		{9D38DFDC-9EA0-4F5D-8E7D-2E52C415A2DD}.Release|Any CPU.ActiveCfg = Release|Any CPU
		{9D38DFDC-9EA0-4F5D-8E7D-2E52C415A2DD}.Release|Any CPU.Build.0 = Release|Any CPU
		{5025805D-53E7-4D3B-86F7-78087F91F346}.Debug|Any CPU.ActiveCfg = Debug|Any CPU
		{5025805D-53E7-4D3B-86F7-78087F91F346}.Debug|Any CPU.Build.0 = Debug|Any CPU
		{5025805D-53E7-4D3B-86F7-78087F91F346}.Release|Any CPU.ActiveCfg = Release|Any CPU
		{5025805D-53E7-4D3B-86F7-78087F91F346}.Release|Any CPU.Build.0 = Release|Any CPU
		{686291ED-57A0-468E-8B07-95CC530331B8}.Debug|Any CPU.ActiveCfg = Debug|Any CPU
		{686291ED-57A0-468E-8B07-95CC530331B8}.Debug|Any CPU.Build.0 = Debug|Any CPU
		{686291ED-57A0-468E-8B07-95CC530331B8}.Release|Any CPU.ActiveCfg = Release|Any CPU
		{686291ED-57A0-468E-8B07-95CC530331B8}.Release|Any CPU.Build.0 = Release|Any CPU
		{CF85D327-9D5F-4198-BA2F-EEB6AC551F9F}.Debug|Any CPU.ActiveCfg = Debug|Any CPU
		{CF85D327-9D5F-4198-BA2F-EEB6AC551F9F}.Debug|Any CPU.Build.0 = Debug|Any CPU
		{CF85D327-9D5F-4198-BA2F-EEB6AC551F9F}.Release|Any CPU.ActiveCfg = Release|Any CPU
		{CF85D327-9D5F-4198-BA2F-EEB6AC551F9F}.Release|Any CPU.Build.0 = Release|Any CPU
	EndGlobalSection
	GlobalSection(SolutionProperties) = preSolution
		HideSolutionNode = FALSE
	EndGlobalSection
EndGlobal
